
Microsoft Visual Studio Solution File, Format Version 12.00
# Visual Studio Version 17
VisualStudioVersion = 17.8.34309.116
MinimumVisualStudioVersion = 10.0.40219.1
Project("{FAE04EC0-301F-11D3-BF4B-00C04F79EFBC}") = "NOSCryptoProject", "NOSCryptoProject.csproj", "{A36063CB-16DD-4819-98E6-64B26FEBF9FD}"
EndProject
Global
	GlobalSection(SolutionConfigurationPlatforms) = preSolution
		Debug|Any CPU = Debug|Any CPU
		Release|Any CPU = Release|Any CPU
	EndGlobalSection
	GlobalSection(ProjectConfigurationPlatforms) = postSolution
		{A36063CB-16DD-4819-98E6-64B26FEBF9FD}.Debug|Any CPU.ActiveCfg = Debug|Any CPU
		{A36063CB-16DD-4819-98E6-64B26FEBF9FD}.Debug|Any CPU.Build.0 = Debug|Any CPU
		{A36063CB-16DD-4819-98E6-64B26FEBF9FD}.Release|Any CPU.ActiveCfg = Release|Any CPU
		{A36063CB-16DD-4819-98E6-64B26FEBF9FD}.Release|Any CPU.Build.0 = Release|Any CPU
	EndGlobalSection
	GlobalSection(SolutionProperties) = preSolution
		HideSolutionNode = FALSE
	EndGlobalSection
	GlobalSection(ExtensibilityGlobals) = postSolution
		SolutionGuid = {1E3FE437-5B09-49DB-8232-EAD76117CFC5}
	EndGlobalSection
EndGlobal
